
Microsoft Visual Studio Solution File, Format Version 12.00
# Visual Studio Version 16
VisualStudioVersion = 16.0.31205.134
MinimumVisualStudioVersion = 10.0.40219.1
Project("{FAE04EC0-301F-11D3-BF4B-00C04F79EFBC}") = "TDTask", "TDTask\TDTask.csproj", "{6ACEAC88-3E67-4ACD-A892-0254984DEA1A}"
EndProject
Global
	GlobalSection(SolutionConfigurationPlatforms) = preSolution
		Debug|Any CPU = Debug|Any CPU
		Release|Any CPU = Release|Any CPU
	EndGlobalSection
	GlobalSection(ProjectConfigurationPlatforms) = postSolution
		{6ACEAC88-3E67-4ACD-A892-0254984DEA1A}.Debug|Any CPU.ActiveCfg = Debug|Any CPU
		{6ACEAC88-3E67-4ACD-A892-0254984DEA1A}.Debug|Any CPU.Build.0 = Debug|Any CPU
		{6ACEAC88-3E67-4ACD-A892-0254984DEA1A}.Release|Any CPU.ActiveCfg = Release|Any CPU
		{6ACEAC88-3E67-4ACD-A892-0254984DEA1A}.Release|Any CPU.Build.0 = Release|Any CPU
	EndGlobalSection
	GlobalSection(SolutionProperties) = preSolution
		HideSolutionNode = FALSE
	EndGlobalSection
	GlobalSection(ExtensibilityGlobals) = postSolution
		SolutionGuid = {737D7CBD-FD37-476E-BD53-341A40471CF8}
	EndGlobalSection
EndGlobal
